# Frozen ClickHouse v2 migration checksums; managed by tools/schema_checksums.py.
# <sha256>  <applied|pending>  <migration id>
# Applied migrations are forward-only: never edit or delete one; add a new wave instead.
e21095af41334e42431d380b16dc5afbd2f947c5b41d5e3a3aafc4da85421ef3  applied  wave_00_schema
2ec391fb040a98051f79479d968a9852dcce9936a9e8484bdedb727d54dec8c9  applied  wave_01_schema
8cc77a7252e1941afed2858cf0438801253a5557c5cb60d7200869c98f60dc27  applied  wave_01_views
fdf32f35023503d6a3028c9f0a253646489edb066a9f04eb20df3f587f55abe2  applied  wave_02_schema
8a72e61e481c6fa835f382890d5b65705d510482021899ecad2f7525bea279af  applied  wave_02_views
58ac40f7fc77adab9d157794b14ec4958365cbb1d8d12017fd8648659c0d47fa  applied  wave_03_schema
784b18cb05d3f06792a7531982a6fed92e8a77bb379c947d8cf8b9df26374c00  applied  wave_04_schema
c4cd471092d3f89210771ad1546d30fcac32102513e4af4a03725f49e5223b30  applied  wave_04_schema_data_completion
465f8e6c13319976ef1ed3be8c003b069e880150df80486ba4b1aae6b2ef1ca9  applied  wave_04_views
75da1caabd5bf87a04da62bc77c85b78f1e9ae068ed186756d1b260321faaf21  applied  wave_05_schema
3b39e2de59fa830764972b2776e6a1b7596a385c34be5afc641e3e7e2469c83d  applied  wave_06_schema
960011662e1f1b01ea3bccc4d34ee85ab843fcbdcec181ce6cc6a5c12b66aa26  applied  wave_07_schema
5cf8fd5698a9c573ab6cfe310cc9e32b046bbd0767531b69cb04cf825a3d0d87  applied  wave_07_views
7ee4195b5e5d1a13d2546fb2c5884ca56295d9738f15be73ca877b40397548ab  applied  wave_08_schema
8b55c72cdb132ef2f7ad76b832a21daeec4c287a4f3cc678b0c03e18d1daf1ec  applied  wave_09_schema_application_cutover
98779b39dbd2a7ddda75c72b64738d9a760819cc56616ef133cbf64d89645765  pending  wave_10_schema_source_priorities
64b3c634b9a89ab9312d17537275532be676829098d1c6c36f13e4537fd1a49f  pending  wave_10_views_source_priorities
ba0b04a88ce0fb769078b332e91d01cfc678d99a2f5a80cb36602a3c5e1b4e04  applied  wave_01_backfill
b1a313fae1ae3bd14bc97af9000c0baa2ff40fd5920c61981bde2709bbf7a5e1  applied  wave_02_backfill
b0649e1eda94c3256e4425826fb33ab351261c93d0a733fdac31f710b8b1bfc5  applied  wave_03_backfill
c71804bc36259417c917ae4a3e1b32de5c29ac6ce18a6f1e0213686ec2a9bd11  applied  wave_04_backfill
d56d9b01722dee70b5aa7bba39551742f927764dbd95d49bb51827df7829ce62  applied  wave_04_backfill_data_completion
80e14369a5c3ac788c988abc80f2567b7cc8eeae2c18c690508a2be5fe913504  applied  wave_09_backfill_application_cutover
7f5091b7aa39d8e67a08efdd265cda72285490f3abd3c771914f069788826ee1  applied  wave_08_rbac
